
Microsoft Visual Studio Solution File, Format Version 12.00
# Visual Studio 15
VisualStudioVersion = 15.0.28307.1300
MinimumVisualStudioVersion = 10.0.40219.1
Project("{FAE04EC0-301F-11D3-BF4B-00C04F79EFBC}") = "buhoLector", "buhoLector\buhoLector.csproj", "{FE602E10-D75C-4E0E-B059-5604C12684B3}"
EndProject
Global
	GlobalSection(SolutionConfigurationPlatforms) = preSolution
		Debug|Any CPU = Debug|Any CPU
		Release|Any CPU = Release|Any CPU
	EndGlobalSection
	GlobalSection(ProjectConfigurationPlatforms) = postSolution
		{FE602E10-D75C-4E0E-B059-5604C12684B3}.Debug|Any CPU.ActiveCfg = Debug|Any CPU
		{FE602E10-D75C-4E0E-B059-5604C12684B3}.Debug|Any CPU.Build.0 = Debug|Any CPU
		{FE602E10-D75C-4E0E-B059-5604C12684B3}.Release|Any CPU.ActiveCfg = Release|Any CPU
		{FE602E10-D75C-4E0E-B059-5604C12684B3}.Release|Any CPU.Build.0 = Release|Any CPU
	EndGlobalSection
	GlobalSection(SolutionProperties) = preSolution
		HideSolutionNode = FALSE
	EndGlobalSection
	GlobalSection(ExtensibilityGlobals) = postSolution
		SolutionGuid = {C3B14AFF-AC9E-459C-8C8F-F28DF00ED069}
	EndGlobalSection
EndGlobal
